
Microsoft Visual Studio Solution File, Format Version 12.00
# Visual Studio 2015
Project("{FAE04EC0-301F-11D3-BF4B-00C04F79EFBC}") = "SurviceIO", "SurviceIO.csproj", "{4A85E6B4-F7B4-4D82-36D5-11428668A243}"
EndProject
Global
	GlobalSection(SolutionConfigurationPlatforms) = preSolution
		Debug|Any CPU = Debug|Any CPU
		Release|Any CPU = Release|Any CPU
	EndGlobalSection
	GlobalSection(ProjectConfigurationPlatforms) = postSolution
		{4A85E6B4-F7B4-4D82-36D5-11428668A243}.Debug|Any CPU.ActiveCfg = Debug|Any CPU
		{4A85E6B4-F7B4-4D82-36D5-11428668A243}.Debug|Any CPU.Build.0 = Debug|Any CPU
		{4A85E6B4-F7B4-4D82-36D5-11428668A243}.Release|Any CPU.ActiveCfg = Release|Any CPU
		{4A85E6B4-F7B4-4D82-36D5-11428668A243}.Release|Any CPU.Build.0 = Release|Any CPU
	EndGlobalSection
	GlobalSection(SolutionProperties) = preSolution
		HideSolutionNode = FALSE
	EndGlobalSection
EndGlobal
